
Microsoft Visual Studio Solution File, Format Version 12.00
# Visual Studio 15
VisualStudioVersion = 15.0.26730.10
MinimumVisualStudioVersion = 10.0.40219.1
Project("{FAE04EC0-301F-11D3-BF4B-00C04F79EFBC}") = "VideoManager", "VideoManager\VideoManager.csproj", "{BC6E04D4-F729-4605-BAD4-054312400A6D}"
EndProject
Project("{FAE04EC0-301F-11D3-BF4B-00C04F79EFBC}") = "VideoRenderer", "VideoRenderer\VideoRenderer.csproj", "{5813573C-8CC3-42F5-9745-DA0197C50661}"
EndProject
Global
	GlobalSection(SolutionConfigurationPlatforms) = preSolution
		azure|Any CPU = azure|Any CPU
		azure|ARM = azure|ARM
		azure|Mixed Platforms = azure|Mixed Platforms
		azure|Win32 = azure|Win32
		azure|x64 = azure|x64
		Debug|Any CPU = Debug|Any CPU
		Debug|ARM = Debug|ARM
		Debug|Mixed Platforms = Debug|Mixed Platforms
		Debug|Win32 = Debug|Win32
		Debug|x64 = Debug|x64
		dev|Any CPU = dev|Any CPU
		dev|ARM = dev|ARM
		dev|Mixed Platforms = dev|Mixed Platforms
		dev|Win32 = dev|Win32
		dev|x64 = dev|x64
		Offline|Any CPU = Offline|Any CPU
		Offline|ARM = Offline|ARM
		Offline|Mixed Platforms = Offline|Mixed Platforms
		Offline|Win32 = Offline|Win32
		Offline|x64 = Offline|x64
		Online.Dev|Any CPU = Online.Dev|Any CPU
		Online.Dev|ARM = Online.Dev|ARM
		Online.Dev|Mixed Platforms = Online.Dev|Mixed Platforms
		Online.Dev|Win32 = Online.Dev|Win32
		Online.Dev|x64 = Online.Dev|x64
		Prod.Dev|Any CPU = Prod.Dev|Any CPU
		Prod.Dev|ARM = Prod.Dev|ARM
		Prod.Dev|Mixed Platforms = Prod.Dev|Mixed Platforms
		Prod.Dev|Win32 = Prod.Dev|Win32
		Prod.Dev|x64 = Prod.Dev|x64
		Staging|Any CPU = Staging|Any CPU
		Staging|ARM = Staging|ARM
		Staging|Mixed Platforms = Staging|Mixed Platforms
		Staging|Win32 = Staging|Win32
		Staging|x64 = Staging|x64
	EndGlobalSection
	GlobalSection(ProjectConfigurationPlatforms) = postSolution
		{BC6E04D4-F729-4605-BAD4-054312400A6D}.azure|Any CPU.ActiveCfg = azure|Any CPU
		{BC6E04D4-F729-4605-BAD4-054312400A6D}.azure|Any CPU.Build.0 = azure|Any CPU
		{BC6E04D4-F729-4605-BAD4-054312400A6D}.azure|ARM.ActiveCfg = azure|Any CPU
		{BC6E04D4-F729-4605-BAD4-054312400A6D}.azure|ARM.Build.0 = azure|Any CPU
		{BC6E04D4-F729-4605-BAD4-054312400A6D}.azure|Mixed Platforms.ActiveCfg = azure|Any CPU
		{BC6E04D4-F729-4605-BAD4-054312400A6D}.azure|Mixed Platforms.Build.0 = azure|Any CPU
		{BC6E04D4-F729-4605-BAD4-054312400A6D}.azure|Win32.ActiveCfg = azure|Any CPU
		{BC6E04D4-F729-4605-BAD4-054312400A6D}.azure|Win32.Build.0 = azure|Any CPU
		{BC6E04D4-F729-4605-BAD4-054312400A6D}.azure|x64.ActiveCfg = azure|Any CPU
		{BC6E04D4-F729-4605-BAD4-054312400A6D}.azure|x64.Build.0 = azure|Any CPU
		{BC6E04D4-F729-4605-BAD4-054312400A6D}.Debug|Any CPU.ActiveCfg = Debug|Any CPU
		{BC6E04D4-F729-4605-BAD4-054312400A6D}.Debug|Any CPU.Build.0 = Debug|Any CPU
		{BC6E04D4-F729-4605-BAD4-054312400A6D}.Debug|ARM.ActiveCfg = Debug|Any CPU
		{BC6E04D4-F729-4605-BAD4-054312400A6D}.Debug|ARM.Build.0 = Debug|Any CPU
		{BC6E04D4-F729-4605-BAD4-054312400A6D}.Debug|Mixed Platforms.ActiveCfg = Debug|Any CPU
		{BC6E04D4-F729-4605-BAD4-054312400A6D}.Debug|Mixed Platforms.Build.0 = Debug|Any CPU
		{BC6E04D4-F729-4605-BAD4-054312400A6D}.Debug|Win32.ActiveCfg = Debug|Any CPU
		{BC6E04D4-F729-4605-BAD4-054312400A6D}.Debug|Win32.Build.0 = Debug|Any CPU
		{BC6E04D4-F729-4605-BAD4-054312400A6D}.Debug|x64.ActiveCfg = Debug|Any CPU
		{BC6E04D4-F729-4605-BAD4-054312400A6D}.Debug|x64.Build.0 = Debug|Any CPU
		{BC6E04D4-F729-4605-BAD4-054312400A6D}.dev|Any CPU.ActiveCfg = dev|Any CPU
		{BC6E04D4-F729-4605-BAD4-054312400A6D}.dev|Any CPU.Build.0 = dev|Any CPU
		{BC6E04D4-F729-4605-BAD4-054312400A6D}.dev|ARM.ActiveCfg = dev|Any CPU
		{BC6E04D4-F729-4605-BAD4-054312400A6D}.dev|Mixed Platforms.ActiveCfg = dev|Any CPU
		{BC6E04D4-F729-4605-BAD4-054312400A6D}.dev|Mixed Platforms.Build.0 = dev|Any CPU
		{BC6E04D4-F729-4605-BAD4-054312400A6D}.dev|Win32.ActiveCfg = dev|Any CPU
		{BC6E04D4-F729-4605-BAD4-054312400A6D}.dev|x64.ActiveCfg = dev|Any CPU
		{BC6E04D4-F729-4605-BAD4-054312400A6D}.Offline|Any CPU.ActiveCfg = Offline|Any CPU
		{BC6E04D4-F729-4605-BAD4-054312400A6D}.Offline|Any CPU.Build.0 = Offline|Any CPU
		{BC6E04D4-F729-4605-BAD4-054312400A6D}.Offline|ARM.ActiveCfg = Offline|Any CPU
		{BC6E04D4-F729-4605-BAD4-054312400A6D}.Offline|ARM.Build.0 = Offline|Any CPU
		{BC6E04D4-F729-4605-BAD4-054312400A6D}.Offline|Mixed Platforms.ActiveCfg = Offline|Any CPU
		{BC6E04D4-F729-4605-BAD4-054312400A6D}.Offline|Mixed Platforms.Build.0 = Offline|Any CPU
		{BC6E04D4-F729-4605-BAD4-054312400A6D}.Offline|Win32.ActiveCfg = Offline|Any CPU
		{BC6E04D4-F729-4605-BAD4-054312400A6D}.Offline|Win32.Build.0 = Offline|Any CPU
		{BC6E04D4-F729-4605-BAD4-054312400A6D}.Offline|x64.ActiveCfg = Offline|Any CPU
		{BC6E04D4-F729-4605-BAD4-054312400A6D}.Offline|x64.Build.0 = Offline|Any CPU
		{BC6E04D4-F729-4605-BAD4-054312400A6D}.Online.Dev|Any CPU.ActiveCfg = Online.Dev|Any CPU
		{BC6E04D4-F729-4605-BAD4-054312400A6D}.Online.Dev|Any CPU.Build.0 = Online.Dev|Any CPU
		{BC6E04D4-F729-4605-BAD4-054312400A6D}.Online.Dev|ARM.ActiveCfg = Online.Dev|Any CPU
		{BC6E04D4-F729-4605-BAD4-054312400A6D}.Online.Dev|ARM.Build.0 = Online.Dev|Any CPU
		{BC6E04D4-F729-4605-BAD4-054312400A6D}.Online.Dev|Mixed Platforms.ActiveCfg = Online.Dev|Any CPU
		{BC6E04D4-F729-4605-BAD4-054312400A6D}.Online.Dev|Mixed Platforms.Build.0 = Online.Dev|Any CPU
		{BC6E04D4-F729-4605-BAD4-054312400A6D}.Online.Dev|Win32.ActiveCfg = Online.Dev|Any CPU
		{BC6E04D4-F729-4605-BAD4-054312400A6D}.Online.Dev|Win32.Build.0 = Online.Dev|Any CPU
		{BC6E04D4-F729-4605-BAD4-054312400A6D}.Online.Dev|x64.ActiveCfg = Online.Dev|Any CPU
		{BC6E04D4-F729-4605-BAD4-054312400A6D}.Online.Dev|x64.Build.0 = Online.Dev|Any CPU
		{BC6E04D4-F729-4605-BAD4-054312400A6D}.Prod.Dev|Any CPU.ActiveCfg = Prod.Dev|Any CPU
		{BC6E04D4-F729-4605-BAD4-054312400A6D}.Prod.Dev|Any CPU.Build.0 = Prod.Dev|Any CPU
		{BC6E04D4-F729-4605-BAD4-054312400A6D}.Prod.Dev|ARM.ActiveCfg = Prod.Dev|Any CPU
		{BC6E04D4-F729-4605-BAD4-054312400A6D}.Prod.Dev|ARM.Build.0 = Prod.Dev|Any CPU
		{BC6E04D4-F729-4605-BAD4-054312400A6D}.Prod.Dev|Mixed Platforms.ActiveCfg = Prod.Dev|Any CPU
		{BC6E04D4-F729-4605-BAD4-054312400A6D}.Prod.Dev|Mixed Platforms.Build.0 = Prod.Dev|Any CPU
		{BC6E04D4-F729-4605-BAD4-054312400A6D}.Prod.Dev|Win32.ActiveCfg = Prod.Dev|Any CPU
		{BC6E04D4-F729-4605-BAD4-054312400A6D}.Prod.Dev|Win32.Build.0 = Prod.Dev|Any CPU
		{BC6E04D4-F729-4605-BAD4-054312400A6D}.Prod.Dev|x64.ActiveCfg = Prod.Dev|Any CPU
		{BC6E04D4-F729-4605-BAD4-054312400A6D}.Prod.Dev|x64.Build.0 = Prod.Dev|Any CPU
		{BC6E04D4-F729-4605-BAD4-054312400A6D}.Staging|Any CPU.ActiveCfg = Staging|Any CPU
		{BC6E04D4-F729-4605-BAD4-054312400A6D}.Staging|Any CPU.Build.0 = Staging|Any CPU
		{BC6E04D4-F729-4605-BAD4-054312400A6D}.Staging|ARM.ActiveCfg = Staging|Any CPU
		{BC6E04D4-F729-4605-BAD4-054312400A6D}.Staging|ARM.Build.0 = Staging|Any CPU
		{BC6E04D4-F729-4605-BAD4-054312400A6D}.Staging|Mixed Platforms.ActiveCfg = Staging|Any CPU
		{BC6E04D4-F729-4605-BAD4-054312400A6D}.Staging|Mixed Platforms.Build.0 = Staging|Any CPU
		{BC6E04D4-F729-4605-BAD4-054312400A6D}.Staging|Win32.ActiveCfg = Staging|Any CPU
		{BC6E04D4-F729-4605-BAD4-054312400A6D}.Staging|Win32.Build.0 = Staging|Any CPU
		{BC6E04D4-F729-4605-BAD4-054312400A6D}.Staging|x64.ActiveCfg = Staging|Any CPU
		{BC6E04D4-F729-4605-BAD4-054312400A6D}.Staging|x64.Build.0 = Staging|Any CPU
		{5813573C-8CC3-42F5-9745-DA0197C50661}.azure|Any CPU.ActiveCfg = Azure|Any CPU
		{5813573C-8CC3-42F5-9745-DA0197C50661}.azure|Any CPU.Build.0 = Azure|Any CPU
		{5813573C-8CC3-42F5-9745-DA0197C50661}.azure|ARM.ActiveCfg = Azure|Any CPU
		{5813573C-8CC3-42F5-9745-DA0197C50661}.azure|ARM.Build.0 = Azure|Any CPU
		{5813573C-8CC3-42F5-9745-DA0197C50661}.azure|Mixed Platforms.ActiveCfg = Azure|Any CPU
		{5813573C-8CC3-42F5-9745-DA0197C50661}.azure|Mixed Platforms.Build.0 = Azure|Any CPU
		{5813573C-8CC3-42F5-9745-DA0197C50661}.azure|Win32.ActiveCfg = Azure|Any CPU
		{5813573C-8CC3-42F5-9745-DA0197C50661}.azure|Win32.Build.0 = Azure|Any CPU
		{5813573C-8CC3-42F5-9745-DA0197C50661}.azure|x64.ActiveCfg = Azure|Any CPU
		{5813573C-8CC3-42F5-9745-DA0197C50661}.azure|x64.Build.0 = Azure|Any CPU
		{5813573C-8CC3-42F5-9745-DA0197C50661}.Debug|Any CPU.ActiveCfg = Debug|Any CPU
		{5813573C-8CC3-42F5-9745-DA0197C50661}.Debug|Any CPU.Build.0 = Debug|Any CPU
		{5813573C-8CC3-42F5-9745-DA0197C50661}.Debug|ARM.ActiveCfg = Debug|Any CPU
		{5813573C-8CC3-42F5-9745-DA0197C50661}.Debug|ARM.Build.0 = Debug|Any CPU
		{5813573C-8CC3-42F5-9745-DA0197C50661}.Debug|Mixed Platforms.ActiveCfg = Debug|Any CPU
		{5813573C-8CC3-42F5-9745-DA0197C50661}.Debug|Mixed Platforms.Build.0 = Debug|Any CPU
		{5813573C-8CC3-42F5-9745-DA0197C50661}.Debug|Win32.ActiveCfg = Debug|Any CPU
		{5813573C-8CC3-42F5-9745-DA0197C50661}.Debug|Win32.Build.0 = Debug|Any CPU
		{5813573C-8CC3-42F5-9745-DA0197C50661}.Debug|x64.ActiveCfg = Debug|Any CPU
		{5813573C-8CC3-42F5-9745-DA0197C50661}.Debug|x64.Build.0 = Debug|Any CPU
		{5813573C-8CC3-42F5-9745-DA0197C50661}.dev|Any CPU.ActiveCfg = Debug|Any CPU
		{5813573C-8CC3-42F5-9745-DA0197C50661}.dev|Any CPU.Build.0 = Debug|Any CPU
		{5813573C-8CC3-42F5-9745-DA0197C50661}.dev|ARM.ActiveCfg = Debug|Any CPU
		{5813573C-8CC3-42F5-9745-DA0197C50661}.dev|Mixed Platforms.ActiveCfg = Debug|Any CPU
		{5813573C-8CC3-42F5-9745-DA0197C50661}.dev|Mixed Platforms.Build.0 = Debug|Any CPU
		{5813573C-8CC3-42F5-9745-DA0197C50661}.dev|Win32.ActiveCfg = Debug|Any CPU
		{5813573C-8CC3-42F5-9745-DA0197C50661}.dev|x64.ActiveCfg = Debug|Any CPU
		{5813573C-8CC3-42F5-9745-DA0197C50661}.Offline|Any CPU.ActiveCfg = Offline|Any CPU
		{5813573C-8CC3-42F5-9745-DA0197C50661}.Offline|Any CPU.Build.0 = Offline|Any CPU
		{5813573C-8CC3-42F5-9745-DA0197C50661}.Offline|ARM.ActiveCfg = Offline|Any CPU
		{5813573C-8CC3-42F5-9745-DA0197C50661}.Offline|ARM.Build.0 = Offline|Any CPU
		{5813573C-8CC3-42F5-9745-DA0197C50661}.Offline|Mixed Platforms.ActiveCfg = Offline|Any CPU
		{5813573C-8CC3-42F5-9745-DA0197C50661}.Offline|Mixed Platforms.Build.0 = Offline|Any CPU
		{5813573C-8CC3-42F5-9745-DA0197C50661}.Offline|Win32.ActiveCfg = Offline|Any CPU
		{5813573C-8CC3-42F5-9745-DA0197C50661}.Offline|Win32.Build.0 = Offline|Any CPU
		{5813573C-8CC3-42F5-9745-DA0197C50661}.Offline|x64.ActiveCfg = Offline|Any CPU
		{5813573C-8CC3-42F5-9745-DA0197C50661}.Offline|x64.Build.0 = Offline|Any CPU
		{5813573C-8CC3-42F5-9745-DA0197C50661}.Online.Dev|Any CPU.ActiveCfg = Online.Dev|Any CPU
		{5813573C-8CC3-42F5-9745-DA0197C50661}.Online.Dev|Any CPU.Build.0 = Online.Dev|Any CPU
		{5813573C-8CC3-42F5-9745-DA0197C50661}.Online.Dev|ARM.ActiveCfg = Online.Dev|Any CPU
		{5813573C-8CC3-42F5-9745-DA0197C50661}.Online.Dev|ARM.Build.0 = Online.Dev|Any CPU
		{5813573C-8CC3-42F5-9745-DA0197C50661}.Online.Dev|Mixed Platforms.ActiveCfg = Online.Dev|Any CPU
		{5813573C-8CC3-42F5-9745-DA0197C50661}.Online.Dev|Mixed Platforms.Build.0 = Online.Dev|Any CPU
		{5813573C-8CC3-42F5-9745-DA0197C50661}.Online.Dev|Win32.ActiveCfg = Online.Dev|Any CPU
		{5813573C-8CC3-42F5-9745-DA0197C50661}.Online.Dev|Win32.Build.0 = Online.Dev|Any CPU
		{5813573C-8CC3-42F5-9745-DA0197C50661}.Online.Dev|x64.ActiveCfg = Online.Dev|Any CPU
		{5813573C-8CC3-42F5-9745-DA0197C50661}.Online.Dev|x64.Build.0 = Online.Dev|Any CPU
		{5813573C-8CC3-42F5-9745-DA0197C50661}.Prod.Dev|Any CPU.ActiveCfg = Prod.Dev|Any CPU
		{5813573C-8CC3-42F5-9745-DA0197C50661}.Prod.Dev|Any CPU.Build.0 = Prod.Dev|Any CPU
		{5813573C-8CC3-42F5-9745-DA0197C50661}.Prod.Dev|ARM.ActiveCfg = Prod.Dev|Any CPU
		{5813573C-8CC3-42F5-9745-DA0197C50661}.Prod.Dev|ARM.Build.0 = Prod.Dev|Any CPU
		{5813573C-8CC3-42F5-9745-DA0197C50661}.Prod.Dev|Mixed Platforms.ActiveCfg = Prod.Dev|Any CPU
		{5813573C-8CC3-42F5-9745-DA0197C50661}.Prod.Dev|Mixed Platforms.Build.0 = Prod.Dev|Any CPU
		{5813573C-8CC3-42F5-9745-DA0197C50661}.Prod.Dev|Win32.ActiveCfg = Prod.Dev|Any CPU
		{5813573C-8CC3-42F5-9745-DA0197C50661}.Prod.Dev|Win32.Build.0 = Prod.Dev|Any CPU
		{5813573C-8CC3-42F5-9745-DA0197C50661}.Prod.Dev|x64.ActiveCfg = Prod.Dev|Any CPU
		{5813573C-8CC3-42F5-9745-DA0197C50661}.Prod.Dev|x64.Build.0 = Prod.Dev|Any CPU
		{5813573C-8CC3-42F5-9745-DA0197C50661}.Staging|Any CPU.ActiveCfg = Staging|Any CPU
		{5813573C-8CC3-42F5-9745-DA0197C50661}.Staging|Any CPU.Build.0 = Staging|Any CPU
		{5813573C-8CC3-42F5-9745-DA0197C50661}.Staging|ARM.ActiveCfg = Staging|Any CPU
		{5813573C-8CC3-42F5-9745-DA0197C50661}.Staging|ARM.Build.0 = Staging|Any CPU
		{5813573C-8CC3-42F5-9745-DA0197C50661}.Staging|Mixed Platforms.ActiveCfg = Staging|Any CPU
		{5813573C-8CC3-42F5-9745-DA0197C50661}.Staging|Mixed Platforms.Build.0 = Staging|Any CPU
		{5813573C-8CC3-42F5-9745-DA0197C50661}.Staging|Win32.ActiveCfg = Staging|Any CPU
		{5813573C-8CC3-42F5-9745-DA0197C50661}.Staging|Win32.Build.0 = Staging|Any CPU
		{5813573C-8CC3-42F5-9745-DA0197C50661}.Staging|x64.ActiveCfg = Staging|Any CPU
		{5813573C-8CC3-42F5-9745-DA0197C50661}.Staging|x64.Build.0 = Staging|Any CPU
	EndGlobalSection
	GlobalSection(SolutionProperties) = preSolution
		HideSolutionNode = FALSE
	EndGlobalSection
	GlobalSection(ExtensibilityGlobals) = postSolution
		SolutionGuid = {B2625824-8DA5-49AA-98D0-9DE090A5BC3D}
	EndGlobalSection
EndGlobal
